{
  "originHash" : "d9246e448a186439e2c81ec13a8ecfa74b2abfadd75296569ea950f11eb0eaee",
  "pins" : [
    {
      "identity" : "adjust_signature_sdk",
      "kind" : "remoteSourceControl",
      "location" : "https://github.com/adjust/adjust_signature_sdk.git",
      "state" : {
        "revision" : "93c40d7fa27b709a81adc50e41b400ce4411c7ff",
        "version" : "3.35.2"
      }
    },
    {
      "identity" : "amplitude-swift",
      "kind" : "remoteSourceControl",
      "location" : "https://github.com/amplitude/Amplitude-Swift",
      "state" : {
        "revision" : "0e1372dbff097cbedeb42a62ccecec1e02d65555",
        "version" : "1.13.0"
      }
    },
    {
      "identity" : "amplitudecore-swift",
      "kind" : "remoteSourceControl",
      "location" : "https://github.com/amplitude/AmplitudeCore-Swift.git",
      "state" : {
        "revision" : "0213bb2843f22d7dff15860565083d4cc79602b6",
        "version" : "1.0.11"
      }
    },
    {
      "identity" : "analytics-connector-ios",
      "kind" : "remoteSourceControl",
      "location" : "https://github.com/amplitude/analytics-connector-ios.git",
      "state" : {
        "revision" : "4adbfe85486e6dcdcdca5fa9362097ffe5ec712b",
        "version" : "1.3.1"
      }
    },
    {
      "identity" : "ios_sdk",
      "kind" : "remoteSourceControl",
      "location" : "https://github.com/adjust/ios_sdk",
      "state" : {
        "revision" : "c419718364e9f360c602a17a64b91c591f33fe6a",
        "version" : "5.0.1"
      }
    },
    {
      "identity" : "posthog-ios",
      "kind" : "remoteSourceControl",
      "location" : "https://github.com/PostHog/posthog-ios.git",
      "state" : {
        "revision" : "9e52cb96fc289630423619bd419cf92ca95404f3",
        "version" : "3.26.0"
      }
    },
    {
      "identity" : "purchases-ios-spm",
      "kind" : "remoteSourceControl",
      "location" : "https://github.com/RevenueCat/purchases-ios-spm.git",
      "state" : {
        "revision" : "83edd0bc139c5f7bbeda44a7fcdb0f115fee3441",
        "version" : "5.21.1"
      }
    },
    {
      "identity" : "survicate-ios-sdk",
      "kind" : "remoteSourceControl",
      "location" : "https://github.com/Survicate/survicate-ios-sdk",
      "state" : {
        "revision" : "bd013377f640cfc76907205317c09c49ab2e5833",
        "version" : "5.0.0"
      }
    }
  ],
  "version" : 3
}
